
Microsoft Visual Studio Solution File, Format Version 12.00
# Visual Studio 15
VisualStudioVersion = 15.0.28010.2046
MinimumVisualStudioVersion = 10.0.40219.1
Project("{FAE04EC0-301F-11D3-BF4B-00C04F79EFBC}") = "Calculator", "Calculator\Calculator.csproj", "{F2D81588-8B0A-4534-ABB1-932FC6221BD8}"
EndProject
Project("{FAE04EC0-301F-11D3-BF4B-00C04F79EFBC}") = "CalculatorForm", "CalculatorForm\CalculatorForm.csproj", "{5480BE12-B53C-4E39-B4EA-A4D0F42381D7}"
EndProject
Global
	GlobalSection(SolutionConfigurationPlatforms) = preSolution
		Debug|Any CPU = Debug|Any CPU
		Release|Any CPU = Release|Any CPU
	EndGlobalSection
	GlobalSection(ProjectConfigurationPlatforms) = postSolution
		{F2D81588-8B0A-4534-ABB1-932FC6221BD8}.Debug|Any CPU.ActiveCfg = Debug|Any CPU
		{F2D81588-8B0A-4534-ABB1-932FC6221BD8}.Debug|Any CPU.Build.0 = Debug|Any CPU
		{F2D81588-8B0A-4534-ABB1-932FC6221BD8}.Release|Any CPU.ActiveCfg = Release|Any CPU
		{F2D81588-8B0A-4534-ABB1-932FC6221BD8}.Release|Any CPU.Build.0 = Release|Any CPU
		{5480BE12-B53C-4E39-B4EA-A4D0F42381D7}.Debug|Any CPU.ActiveCfg = Debug|Any CPU
		{5480BE12-B53C-4E39-B4EA-A4D0F42381D7}.Debug|Any CPU.Build.0 = Debug|Any CPU
		{5480BE12-B53C-4E39-B4EA-A4D0F42381D7}.Release|Any CPU.ActiveCfg = Release|Any CPU
		{5480BE12-B53C-4E39-B4EA-A4D0F42381D7}.Release|Any CPU.Build.0 = Release|Any CPU
	EndGlobalSection
	GlobalSection(SolutionProperties) = preSolution
		HideSolutionNode = FALSE
	EndGlobalSection
	GlobalSection(ExtensibilityGlobals) = postSolution
		SolutionGuid = {CBBDE7DE-FEA0-415B-8473-6891927FBDA2}
	EndGlobalSection
EndGlobal
